
Microsoft Visual Studio Solution File, Format Version 12.00
# Visual Studio Version 16
VisualStudioVersion = 16.0.32126.315
MinimumVisualStudioVersion = 10.0.40219.1
Project("{FAE04EC0-301F-11D3-BF4B-00C04F79EFBC}") = "KAI_Zilya", "KAI_Zilya\KAI_Zilya.csproj", "{DEDF3F42-6D1F-4BE7-9ACA-82EDB0E37253}"
EndProject
Global
	GlobalSection(SolutionConfigurationPlatforms) = preSolution
		Debug|Any CPU = Debug|Any CPU
		Release|Any CPU = Release|Any CPU
	EndGlobalSection
	GlobalSection(ProjectConfigurationPlatforms) = postSolution
		{DEDF3F42-6D1F-4BE7-9ACA-82EDB0E37253}.Debug|Any CPU.ActiveCfg = Debug|Any CPU
		{DEDF3F42-6D1F-4BE7-9ACA-82EDB0E37253}.Debug|Any CPU.Build.0 = Debug|Any CPU
		{DEDF3F42-6D1F-4BE7-9ACA-82EDB0E37253}.Release|Any CPU.ActiveCfg = Release|Any CPU
		{DEDF3F42-6D1F-4BE7-9ACA-82EDB0E37253}.Release|Any CPU.Build.0 = Release|Any CPU
	EndGlobalSection
	GlobalSection(SolutionProperties) = preSolution
		HideSolutionNode = FALSE
	EndGlobalSection
	GlobalSection(ExtensibilityGlobals) = postSolution
		SolutionGuid = {66EF9936-2A34-44B5-A3D4-1CD39E6E629A}
	EndGlobalSection
EndGlobal
